
Microsoft Visual Studio Solution File, Format Version 12.00
# Visual Studio 15
VisualStudioVersion = 15.0.27004.2006
MinimumVisualStudioVersion = 10.0.40219.1
Project("{FAE04EC0-301F-11D3-BF4B-00C04F79EFBC}") = "XeroApi", "XeroApi\XeroApi.csproj", "{20A56AFE-3B15-4FA6-A06D-96F20D5A770D}"
EndProject
Global
	GlobalSection(SolutionConfigurationPlatforms) = preSolution
		Debug|Any CPU = Debug|Any CPU
		Debug|Mixed Platforms = Debug|Mixed Platforms
		Debug|x86 = Debug|x86
		Release|Any CPU = Release|Any CPU
		Release|Mixed Platforms = Release|Mixed Platforms
		Release|x86 = Release|x86
	EndGlobalSection
	GlobalSection(ProjectConfigurationPlatforms) = postSolution
		{20A56AFE-3B15-4FA6-A06D-96F20D5A770D}.Debug|Any CPU.ActiveCfg = Debug|Any CPU
		{20A56AFE-3B15-4FA6-A06D-96F20D5A770D}.Debug|Any CPU.Build.0 = Debug|Any CPU
		{20A56AFE-3B15-4FA6-A06D-96F20D5A770D}.Debug|Mixed Platforms.ActiveCfg = Debug|Any CPU
		{20A56AFE-3B15-4FA6-A06D-96F20D5A770D}.Debug|Mixed Platforms.Build.0 = Debug|Any CPU
		{20A56AFE-3B15-4FA6-A06D-96F20D5A770D}.Debug|x86.ActiveCfg = Debug|Any CPU
		{20A56AFE-3B15-4FA6-A06D-96F20D5A770D}.Release|Any CPU.ActiveCfg = Release|Any CPU
		{20A56AFE-3B15-4FA6-A06D-96F20D5A770D}.Release|Any CPU.Build.0 = Release|Any CPU
		{20A56AFE-3B15-4FA6-A06D-96F20D5A770D}.Release|Mixed Platforms.ActiveCfg = Release|Any CPU
		{20A56AFE-3B15-4FA6-A06D-96F20D5A770D}.Release|Mixed Platforms.Build.0 = Release|Any CPU
		{20A56AFE-3B15-4FA6-A06D-96F20D5A770D}.Release|x86.ActiveCfg = Release|Any CPU
	EndGlobalSection
	GlobalSection(SolutionProperties) = preSolution
		HideSolutionNode = FALSE
	EndGlobalSection
	GlobalSection(ExtensibilityGlobals) = postSolution
		SolutionGuid = {AAF3C258-F4D0-4128-B6F0-3D438110B26F}
	EndGlobalSection
EndGlobal
