
Microsoft Visual Studio Solution File, Format Version 11.00
# Visual Studio 2010
Project("{FAE04EC0-301F-11D3-BF4B-00C04F79EFBC}") = "XeroApi", "XeroApi\XeroApi.csproj", "{20A56AFE-3B15-4FA6-A06D-96F20D5A770D}"
EndProject
Project("{FAE04EC0-301F-11D3-BF4B-00C04F79EFBC}") = "XeroApi.Console", "XeroApi.ConsoleTests\XeroApi.Console.csproj", "{31280DA3-F3EA-49AA-A326-F5ACA2127859}"
EndProject
Project("{FAE04EC0-301F-11D3-BF4B-00C04F79EFBC}") = "XeroApi.Tests", "XeroApi.Tests\XeroApi.Tests.csproj", "{F2AEE2B2-FEE7-4144-8B92-F258200A27B9}"
EndProject
Global
	GlobalSection(SolutionConfigurationPlatforms) = preSolution
		Debug|Any CPU = Debug|Any CPU
		Debug|Mixed Platforms = Debug|Mixed Platforms
		Debug|x86 = Debug|x86
		Release|Any CPU = Release|Any CPU
		Release|Mixed Platforms = Release|Mixed Platforms
		Release|x86 = Release|x86
	EndGlobalSection
	GlobalSection(ProjectConfigurationPlatforms) = postSolution
		{20A56AFE-3B15-4FA6-A06D-96F20D5A770D}.Debug|Any CPU.ActiveCfg = Debug|Any CPU
		{20A56AFE-3B15-4FA6-A06D-96F20D5A770D}.Debug|Any CPU.Build.0 = Debug|Any CPU
		{20A56AFE-3B15-4FA6-A06D-96F20D5A770D}.Debug|Mixed Platforms.ActiveCfg = Debug|Any CPU
		{20A56AFE-3B15-4FA6-A06D-96F20D5A770D}.Debug|Mixed Platforms.Build.0 = Debug|Any CPU
		{20A56AFE-3B15-4FA6-A06D-96F20D5A770D}.Debug|x86.ActiveCfg = Debug|Any CPU
		{20A56AFE-3B15-4FA6-A06D-96F20D5A770D}.Release|Any CPU.ActiveCfg = Release|Any CPU
		{20A56AFE-3B15-4FA6-A06D-96F20D5A770D}.Release|Any CPU.Build.0 = Release|Any CPU
		{20A56AFE-3B15-4FA6-A06D-96F20D5A770D}.Release|Mixed Platforms.ActiveCfg = Release|Any CPU
		{20A56AFE-3B15-4FA6-A06D-96F20D5A770D}.Release|Mixed Platforms.Build.0 = Release|Any CPU
		{20A56AFE-3B15-4FA6-A06D-96F20D5A770D}.Release|x86.ActiveCfg = Release|Any CPU
		{31280DA3-F3EA-49AA-A326-F5ACA2127859}.Debug|Any CPU.ActiveCfg = Debug|x86
		{31280DA3-F3EA-49AA-A326-F5ACA2127859}.Debug|Mixed Platforms.ActiveCfg = Debug|x86
		{31280DA3-F3EA-49AA-A326-F5ACA2127859}.Debug|Mixed Platforms.Build.0 = Debug|x86
		{31280DA3-F3EA-49AA-A326-F5ACA2127859}.Debug|x86.ActiveCfg = Debug|x86
		{31280DA3-F3EA-49AA-A326-F5ACA2127859}.Debug|x86.Build.0 = Debug|x86
		{31280DA3-F3EA-49AA-A326-F5ACA2127859}.Release|Any CPU.ActiveCfg = Release|x86
		{31280DA3-F3EA-49AA-A326-F5ACA2127859}.Release|Mixed Platforms.ActiveCfg = Release|x86
		{31280DA3-F3EA-49AA-A326-F5ACA2127859}.Release|Mixed Platforms.Build.0 = Release|x86
		{31280DA3-F3EA-49AA-A326-F5ACA2127859}.Release|x86.ActiveCfg = Release|x86
		{31280DA3-F3EA-49AA-A326-F5ACA2127859}.Release|x86.Build.0 = Release|x86
		{F2AEE2B2-FEE7-4144-8B92-F258200A27B9}.Debug|Any CPU.ActiveCfg = Debug|Any CPU
		{F2AEE2B2-FEE7-4144-8B92-F258200A27B9}.Debug|Any CPU.Build.0 = Debug|Any CPU
		{F2AEE2B2-FEE7-4144-8B92-F258200A27B9}.Debug|Mixed Platforms.ActiveCfg = Debug|Any CPU
		{F2AEE2B2-FEE7-4144-8B92-F258200A27B9}.Debug|Mixed Platforms.Build.0 = Debug|Any CPU
		{F2AEE2B2-FEE7-4144-8B92-F258200A27B9}.Debug|x86.ActiveCfg = Debug|Any CPU
		{F2AEE2B2-FEE7-4144-8B92-F258200A27B9}.Release|Any CPU.ActiveCfg = Release|Any CPU
		{F2AEE2B2-FEE7-4144-8B92-F258200A27B9}.Release|Any CPU.Build.0 = Release|Any CPU
		{F2AEE2B2-FEE7-4144-8B92-F258200A27B9}.Release|Mixed Platforms.ActiveCfg = Release|Any CPU
		{F2AEE2B2-FEE7-4144-8B92-F258200A27B9}.Release|Mixed Platforms.Build.0 = Release|Any CPU
		{F2AEE2B2-FEE7-4144-8B92-F258200A27B9}.Release|x86.ActiveCfg = Release|Any CPU
	EndGlobalSection
	GlobalSection(SolutionProperties) = preSolution
		HideSolutionNode = FALSE
	EndGlobalSection
EndGlobal
